
Microsoft Visual Studio Solution File, Format Version 12.00
# Visual Studio 15
Project("{FAE04EC0-301F-11D3-BF4B-00C04F79EFBC}") = "DesignPatterns_Creational", "DesignPatterns_Creational\DesignPatterns_Creational.csproj", "{6FCEDFCA-A0CC-48FA-A747-1617A94B408A}"
EndProject
Project("{FAE04EC0-301F-11D3-BF4B-00C04F79EFBC}") = "FactoryMethod", "FactoryMethod\FactoryMethod.csproj", "{A0493296-DD40-4068-811F-6D36E00AB2D9}"
EndProject
Project("{FAE04EC0-301F-11D3-BF4B-00C04F79EFBC}") = "AbstractFactory", "AbstractFactory\AbstractFactory.csproj", "{B89F4666-63E0-445F-995C-8540C2286E07}"
EndProject
Project("{FAE04EC0-301F-11D3-BF4B-00C04F79EFBC}") = "Builder", "Builder\Builder.csproj", "{EFF372F3-E717-4E49-874D-6B7A76D6484C}"
EndProject
Global
	GlobalSection(SolutionConfigurationPlatforms) = preSolution
		Debug|Any CPU = Debug|Any CPU
		Release|Any CPU = Release|Any CPU
	EndGlobalSection
	GlobalSection(ProjectConfigurationPlatforms) = postSolution
		{6FCEDFCA-A0CC-48FA-A747-1617A94B408A}.Debug|Any CPU.ActiveCfg = Debug|Any CPU
		{6FCEDFCA-A0CC-48FA-A747-1617A94B408A}.Debug|Any CPU.Build.0 = Debug|Any CPU
		{6FCEDFCA-A0CC-48FA-A747-1617A94B408A}.Release|Any CPU.ActiveCfg = Release|Any CPU
		{6FCEDFCA-A0CC-48FA-A747-1617A94B408A}.Release|Any CPU.Build.0 = Release|Any CPU
		{A0493296-DD40-4068-811F-6D36E00AB2D9}.Debug|Any CPU.ActiveCfg = Debug|Any CPU
		{A0493296-DD40-4068-811F-6D36E00AB2D9}.Debug|Any CPU.Build.0 = Debug|Any CPU
		{A0493296-DD40-4068-811F-6D36E00AB2D9}.Release|Any CPU.ActiveCfg = Release|Any CPU
		{A0493296-DD40-4068-811F-6D36E00AB2D9}.Release|Any CPU.Build.0 = Release|Any CPU
		{B89F4666-63E0-445F-995C-8540C2286E07}.Debug|Any CPU.ActiveCfg = Debug|Any CPU
		{B89F4666-63E0-445F-995C-8540C2286E07}.Debug|Any CPU.Build.0 = Debug|Any CPU
		{B89F4666-63E0-445F-995C-8540C2286E07}.Release|Any CPU.ActiveCfg = Release|Any CPU
		{B89F4666-63E0-445F-995C-8540C2286E07}.Release|Any CPU.Build.0 = Release|Any CPU
		{EFF372F3-E717-4E49-874D-6B7A76D6484C}.Debug|Any CPU.ActiveCfg = Debug|Any CPU
		{EFF372F3-E717-4E49-874D-6B7A76D6484C}.Debug|Any CPU.Build.0 = Debug|Any CPU
		{EFF372F3-E717-4E49-874D-6B7A76D6484C}.Release|Any CPU.ActiveCfg = Release|Any CPU
		{EFF372F3-E717-4E49-874D-6B7A76D6484C}.Release|Any CPU.Build.0 = Release|Any CPU
	EndGlobalSection
EndGlobal
